
Microsoft Visual Studio Solution File, Format Version 12.00
# Visual Studio Version 17
VisualStudioVersion = 17.7.34024.191
MinimumVisualStudioVersion = 10.0.40219.1
Project("{F184B08F-C81C-45F6-A57F-5ABD9991F28F}") = "Face Recognition Nerf Turret", "Face Recognition Nerf Turret\Face Recognition Nerf Turret.vbproj", "{8829502B-F4EE-4B0D-833F-60ACA9D45F91}"
EndProject
Global
	GlobalSection(SolutionConfigurationPlatforms) = preSolution
		Debug|Any CPU = Debug|Any CPU
		Release|Any CPU = Release|Any CPU
	EndGlobalSection
	GlobalSection(ProjectConfigurationPlatforms) = postSolution
		{8829502B-F4EE-4B0D-833F-60ACA9D45F91}.Debug|Any CPU.ActiveCfg = Debug|Any CPU
		{8829502B-F4EE-4B0D-833F-60ACA9D45F91}.Debug|Any CPU.Build.0 = Debug|Any CPU
		{8829502B-F4EE-4B0D-833F-60ACA9D45F91}.Release|Any CPU.ActiveCfg = Release|Any CPU
		{8829502B-F4EE-4B0D-833F-60ACA9D45F91}.Release|Any CPU.Build.0 = Release|Any CPU
	EndGlobalSection
	GlobalSection(SolutionProperties) = preSolution
		HideSolutionNode = FALSE
	EndGlobalSection
	GlobalSection(ExtensibilityGlobals) = postSolution
		SolutionGuid = {AA120751-801F-42A7-8009-2A92F1B4BD14}
	EndGlobalSection
EndGlobal
