
Microsoft Visual Studio Solution File, Format Version 12.00
# Visual Studio Version 17
VisualStudioVersion = 17.7.34024.191
MinimumVisualStudioVersion = 10.0.40219.1
Project("{FAE04EC0-301F-11D3-BF4B-00C04F79EFBC}") = "Face Recognition Nerf Turret", "Face Recognition Nerf Turret\Face Recognition Nerf Turret.csproj", "{684CFB30-A8EB-458F-8166-BB0DC8B97FF8}"
EndProject
Global
	GlobalSection(SolutionConfigurationPlatforms) = preSolution
		Debug|Any CPU = Debug|Any CPU
		Release|Any CPU = Release|Any CPU
	EndGlobalSection
	GlobalSection(ProjectConfigurationPlatforms) = postSolution
		{684CFB30-A8EB-458F-8166-BB0DC8B97FF8}.Debug|Any CPU.ActiveCfg = Debug|Any CPU
		{684CFB30-A8EB-458F-8166-BB0DC8B97FF8}.Debug|Any CPU.Build.0 = Debug|Any CPU
		{684CFB30-A8EB-458F-8166-BB0DC8B97FF8}.Release|Any CPU.ActiveCfg = Release|Any CPU
		{684CFB30-A8EB-458F-8166-BB0DC8B97FF8}.Release|Any CPU.Build.0 = Release|Any CPU
	EndGlobalSection
	GlobalSection(SolutionProperties) = preSolution
		HideSolutionNode = FALSE
	EndGlobalSection
	GlobalSection(ExtensibilityGlobals) = postSolution
		SolutionGuid = {88D335FB-A5AC-4B10-8C03-067F2038355E}
	EndGlobalSection
EndGlobal
